Microsoft Visual Studio Solution File, Format Version 12.00
# Visual Studio Version 17
VisualStudioVersion = 17.13.35913.81
MinimumVisualStudioVersion = 10.0.40219.1
Project("{FAE04EC0-301F-11D3-BF4B-00C04F79EFBC}") = "TodoMauiApp", "TodoMauiApp\TodoMauiApp.csproj", "{3E5B2E8C-8F11-4A36-B72E-86E097452D4A}"
EndProject
Global
	GlobalSection(SolutionConfigurationPlatforms) = preSolution
		Debug|Any CPU = Debug|Any CPU
		Release|Any CPU = Release|Any CPU
	EndGlobalSection
	GlobalSection(ProjectConfigurationPlatforms) = postSolution
		{3E5B2E8C-8F11-4A36-B72E-86E097452D4A}.Debug|Any CPU.ActiveCfg = Debug|Any CPU
		{3E5B2E8C-8F11-4A36-B72E-86E097452D4A}.Debug|Any CPU.Build.0 = Debug|Any CPU
		{3E5B2E8C-8F11-4A36-B72E-86E097452D4A}.Release|Any CPU.ActiveCfg = Release|Any CPU
		{3E5B2E8C-8F11-4A36-B72E-86E097452D4A}.Release|Any CPU.Build.0 = Release|Any CPU
	EndGlobalSection
	GlobalSection(SolutionProperties) = preSolution
		HideSolutionNode = FALSE
	EndGlobalSection
	GlobalSection(ExtensibilityGlobals) = postSolution
		SolutionGuid = {2A1B7D1C-7B7E-4F7F-8ABE-3CEC1C877A0F}
	EndGlobalSection
EndGlobal
